
Microsoft Visual Studio Solution File, Format Version 11.00
# Visual Studio 2010
Project("{FAE04EC0-301F-11D3-BF4B-00C04F79EFBC}") = "Assembly-CSharp", "Assembly-CSharp.csproj", "{3C6CBAAA-D3C6-ACC1-B223-F2F6D786FEE9}"
EndProject
Project("{FAE04EC0-301F-11D3-BF4B-00C04F79EFBC}") = "Oculus.VR", "Oculus.VR.csproj", "{50F4C7E1-1CA3-9854-DA33-3A69FD7015E8}"
EndProject
Project("{FAE04EC0-301F-11D3-BF4B-00C04F79EFBC}") = "Assembly-CSharp-Editor", "Assembly-CSharp-Editor.csproj", "{D6991820-D203-7FDB-D198-ED0AAEFF6693}"
EndProject
Project("{FAE04EC0-301F-11D3-BF4B-00C04F79EFBC}") = "Oculus.VR.Scripts.Editor", "Oculus.VR.Scripts.Editor.csproj", "{9BCC657B-B967-FFE7-9A03-402B4A020DA5}"
EndProject
Project("{FAE04EC0-301F-11D3-BF4B-00C04F79EFBC}") = "Oculus.VR.Editor", "Oculus.VR.Editor.csproj", "{89BCC932-A12A-A7A0-65B5-B85280FAECF6}"
EndProject
Global
	GlobalSection(SolutionConfigurationPlatforms) = preSolution
		Debug|Any CPU = Debug|Any CPU
		Release|Any CPU = Release|Any CPU
	EndGlobalSection
	GlobalSection(ProjectConfigurationPlatforms) = postSolution
		{3C6CBAAA-D3C6-ACC1-B223-F2F6D786FEE9}.Debug|Any CPU.ActiveCfg = Debug|Any CPU
		{3C6CBAAA-D3C6-ACC1-B223-F2F6D786FEE9}.Debug|Any CPU.Build.0 = Debug|Any CPU
		{3C6CBAAA-D3C6-ACC1-B223-F2F6D786FEE9}.Release|Any CPU.ActiveCfg = Release|Any CPU
		{3C6CBAAA-D3C6-ACC1-B223-F2F6D786FEE9}.Release|Any CPU.Build.0 = Release|Any CPU
		{50F4C7E1-1CA3-9854-DA33-3A69FD7015E8}.Debug|Any CPU.ActiveCfg = Debug|Any CPU
		{50F4C7E1-1CA3-9854-DA33-3A69FD7015E8}.Debug|Any CPU.Build.0 = Debug|Any CPU
		{50F4C7E1-1CA3-9854-DA33-3A69FD7015E8}.Release|Any CPU.ActiveCfg = Release|Any CPU
		{50F4C7E1-1CA3-9854-DA33-3A69FD7015E8}.Release|Any CPU.Build.0 = Release|Any CPU
		{D6991820-D203-7FDB-D198-ED0AAEFF6693}.Debug|Any CPU.ActiveCfg = Debug|Any CPU
		{D6991820-D203-7FDB-D198-ED0AAEFF6693}.Debug|Any CPU.Build.0 = Debug|Any CPU
		{D6991820-D203-7FDB-D198-ED0AAEFF6693}.Release|Any CPU.ActiveCfg = Release|Any CPU
		{D6991820-D203-7FDB-D198-ED0AAEFF6693}.Release|Any CPU.Build.0 = Release|Any CPU
		{9BCC657B-B967-FFE7-9A03-402B4A020DA5}.Debug|Any CPU.ActiveCfg = Debug|Any CPU
		{9BCC657B-B967-FFE7-9A03-402B4A020DA5}.Debug|Any CPU.Build.0 = Debug|Any CPU
		{9BCC657B-B967-FFE7-9A03-402B4A020DA5}.Release|Any CPU.ActiveCfg = Release|Any CPU
		{9BCC657B-B967-FFE7-9A03-402B4A020DA5}.Release|Any CPU.Build.0 = Release|Any CPU
		{89BCC932-A12A-A7A0-65B5-B85280FAECF6}.Debug|Any CPU.ActiveCfg = Debug|Any CPU
		{89BCC932-A12A-A7A0-65B5-B85280FAECF6}.Debug|Any CPU.Build.0 = Debug|Any CPU
		{89BCC932-A12A-A7A0-65B5-B85280FAECF6}.Release|Any CPU.ActiveCfg = Release|Any CPU
		{89BCC932-A12A-A7A0-65B5-B85280FAECF6}.Release|Any CPU.Build.0 = Release|Any CPU
	EndGlobalSection
	GlobalSection(SolutionProperties) = preSolution
		HideSolutionNode = FALSE
	EndGlobalSection
EndGlobal
